Microsoft Visual Studio Solution File, Format Version 12.00
# Visual Studio Version 17
VisualStudioVersion = 17.5.2.0
MinimumVisualStudioVersion = 10.0.40219.1
Project("{FAE04EC0-301F-11D3-BF4B-00C04F79EFBC}") = "Aris", "Aris.csproj", "{8113F49C-B3B5-1144-0656-F097972F485C}"
EndProject
Global
	GlobalSection(SolutionConfigurationPlatforms) = preSolution
		Debug|Any CPU = Debug|Any CPU
		Release|Any CPU = Release|Any CPU
	EndGlobalSection
	GlobalSection(ProjectConfigurationPlatforms) = postSolution
		{8113F49C-B3B5-1144-0656-F097972F485C}.Debug|Any CPU.ActiveCfg = Debug|Any CPU
		{8113F49C-B3B5-1144-0656-F097972F485C}.Debug|Any CPU.Build.0 = Debug|Any CPU
		{8113F49C-B3B5-1144-0656-F097972F485C}.Release|Any CPU.ActiveCfg = Release|Any CPU
		{8113F49C-B3B5-1144-0656-F097972F485C}.Release|Any CPU.Build.0 = Release|Any CPU
	EndGlobalSection
	GlobalSection(SolutionProperties) = preSolution
		HideSolutionNode = FALSE
	EndGlobalSection
	GlobalSection(ExtensibilityGlobals) = postSolution
		SolutionGuid = {2B886D96-2B2A-4DC4-ACB2-E5A696043F31}
	EndGlobalSection
EndGlobal
